{
  "name": "elastic",
  "version": "1.0.0",
  "lockfileVersion": 1,
  "requires": true,
  "dependencies": {
    "stream-chain": {
      "version": "2.2.1",
      "resolved": "https://registry.npmjs.org/stream-chain/-/stream-chain-2.2.1.tgz",
      "integrity": "sha512-LW24AKjJHBrihU8xGLPs/o7OSCNPzBpJ/5JtjMyt8/1WLzcSIRKRRvugeBQjTCFJMn0nFzvN0rd6oCSWguKmxw=="
    },
    "stream-json": {
      "version": "1.3.1",
      "resolved": "https://registry.npmjs.org/stream-json/-/stream-json-1.3.1.tgz",
      "integrity": "sha512-xjOods6LE/M86hr3M2dpFUYobcD3pVWzmM9ZNZf+/B8va55sW4CNK1J9uGlUKM3LLvm3wleaa4mrnE9Ok6qveQ==",
      "requires": {
        "stream-chain": "^2.1.0"
      }
    }
  }
}
